
Microsoft Visual Studio Solution File, Format Version 12.00
# Visual Studio Version 16
VisualStudioVersion = 16.0.29926.136
MinimumVisualStudioVersion = 10.0.40219.1
Project("{FAE04EC0-301F-11D3-BF4B-00C04F79EFBC}") = "AgileWorksServiceDesk", "AgileWorksServiceDesk\AgileWorksServiceDesk.csproj", "{D1D714B8-8C96-4221-872F-FFBF3620EC72}"
EndProject
Project("{2150E333-8FDC-42A3-9474-1A3956D46DE8}") = "src", "src", "{035C375C-80A1-4B11-B7A2-F1C1E53E4B67}"
EndProject
Project("{2150E333-8FDC-42A3-9474-1A3956D46DE8}") = "tests", "tests", "{CC7AD23C-8027-4DC2-9B6F-D14AD0CA4B29}"
EndProject
Project("{FAE04EC0-301F-11D3-BF4B-00C04F79EFBC}") = "AgileWorksServiceDesk.UnitTests", "AgileWorksServiceDesk.UnitTests\AgileWorksServiceDesk.UnitTests.csproj", "{DB6B7A19-8EE4-4E22-AA66-6379AF233FC7}"
EndProject
Project("{FAE04EC0-301F-11D3-BF4B-00C04F79EFBC}") = "AgileWorksServiceDesk.IntegrationTests", "AgileWorksServiceDesk.IntegrationTests\AgileWorksServiceDesk.IntegrationTests.csproj", "{D2A8425C-4DFD-4A75-B5C2-0DF6E7F5A71A}"
EndProject
Global
	GlobalSection(SolutionConfigurationPlatforms) = preSolution
		Debug|Any CPU = Debug|Any CPU
		Release|Any CPU = Release|Any CPU
	EndGlobalSection
	GlobalSection(ProjectConfigurationPlatforms) = postSolution
		{D1D714B8-8C96-4221-872F-FFBF3620EC72}.Debug|Any CPU.ActiveCfg = Debug|Any CPU
		{D1D714B8-8C96-4221-872F-FFBF3620EC72}.Debug|Any CPU.Build.0 = Debug|Any CPU
		{D1D714B8-8C96-4221-872F-FFBF3620EC72}.Release|Any CPU.ActiveCfg = Release|Any CPU
		{D1D714B8-8C96-4221-872F-FFBF3620EC72}.Release|Any CPU.Build.0 = Release|Any CPU
		{DB6B7A19-8EE4-4E22-AA66-6379AF233FC7}.Debug|Any CPU.ActiveCfg = Debug|Any CPU
		{DB6B7A19-8EE4-4E22-AA66-6379AF233FC7}.Debug|Any CPU.Build.0 = Debug|Any CPU
		{DB6B7A19-8EE4-4E22-AA66-6379AF233FC7}.Release|Any CPU.ActiveCfg = Release|Any CPU
		{DB6B7A19-8EE4-4E22-AA66-6379AF233FC7}.Release|Any CPU.Build.0 = Release|Any CPU
		{D2A8425C-4DFD-4A75-B5C2-0DF6E7F5A71A}.Debug|Any CPU.ActiveCfg = Debug|Any CPU
		{D2A8425C-4DFD-4A75-B5C2-0DF6E7F5A71A}.Debug|Any CPU.Build.0 = Debug|Any CPU
		{D2A8425C-4DFD-4A75-B5C2-0DF6E7F5A71A}.Release|Any CPU.ActiveCfg = Release|Any CPU
		{D2A8425C-4DFD-4A75-B5C2-0DF6E7F5A71A}.Release|Any CPU.Build.0 = Release|Any CPU
	EndGlobalSection
	GlobalSection(SolutionProperties) = preSolution
		HideSolutionNode = FALSE
	EndGlobalSection
	GlobalSection(NestedProjects) = preSolution
		{D1D714B8-8C96-4221-872F-FFBF3620EC72} = {035C375C-80A1-4B11-B7A2-F1C1E53E4B67}
		{DB6B7A19-8EE4-4E22-AA66-6379AF233FC7} = {CC7AD23C-8027-4DC2-9B6F-D14AD0CA4B29}
		{D2A8425C-4DFD-4A75-B5C2-0DF6E7F5A71A} = {CC7AD23C-8027-4DC2-9B6F-D14AD0CA4B29}
	EndGlobalSection
	GlobalSection(ExtensibilityGlobals) = postSolution
		SolutionGuid = {E680BB82-F9D1-48AE-AA60-A1C669E46C03}
	EndGlobalSection
EndGlobal
